
Microsoft Visual Studio Solution File, Format Version 12.00
# Visual Studio 2013
VisualStudioVersion = 12.0.40629.0
MinimumVisualStudioVersion = 10.0.40219.1
Project("{8BC9CEB8-8B4A-11D0-8D11-00A0C91BC942}") = "luagl", "luagl\luagl.vcxproj", "{3EE80DDB-D8C3-4C66-B792-80D92FEAAFF7}"
EndProject
Project("{8BC9CEB8-8B4A-11D0-8D11-00A0C91BC942}") = "luaglut", "luaglut\luaglut.vcxproj", "{460CD492-C765-49DB-8D75-847282C8A82F}"
EndProject
Project("{8BC9CEB8-8B4A-11D0-8D11-00A0C91BC942}") = "memarray", "memarray\memarray.vcxproj", "{73E1A37E-01BF-4D9B-B890-73EC076CC8C5}"
EndProject
Project("{8BC9CEB8-8B4A-11D0-8D11-00A0C91BC942}") = "luaglew", "luaglew\luaglew.vcxproj", "{7E34B470-6498-4378-835F-1C7C401C7352}"
EndProject
Project("{8BC9CEB8-8B4A-11D0-8D11-00A0C91BC942}") = "luastb", "luastb\luastb.vcxproj", "{76B2AE8D-FD00-469B-882D-0C49EB7F8EB2}"
EndProject
Project("{8BC9CEB8-8B4A-11D0-8D11-00A0C91BC942}") = "luaglm", "luaglm\luaglm.vcxproj", "{A27359BD-06F0-4F73-B8CE-66071A95A8F6}"
EndProject
Global
	GlobalSection(SolutionConfigurationPlatforms) = preSolution
		Debug|Win32 = Debug|Win32
		Release|Win32 = Release|Win32
	EndGlobalSection
	GlobalSection(ProjectConfigurationPlatforms) = postSolution
		{3EE80DDB-D8C3-4C66-B792-80D92FEAAFF7}.Debug|Win32.ActiveCfg = Debug|Win32
		{3EE80DDB-D8C3-4C66-B792-80D92FEAAFF7}.Debug|Win32.Build.0 = Debug|Win32
		{3EE80DDB-D8C3-4C66-B792-80D92FEAAFF7}.Release|Win32.ActiveCfg = Release|Win32
		{3EE80DDB-D8C3-4C66-B792-80D92FEAAFF7}.Release|Win32.Build.0 = Release|Win32
		{460CD492-C765-49DB-8D75-847282C8A82F}.Debug|Win32.ActiveCfg = Debug|Win32
		{460CD492-C765-49DB-8D75-847282C8A82F}.Debug|Win32.Build.0 = Debug|Win32
		{460CD492-C765-49DB-8D75-847282C8A82F}.Release|Win32.ActiveCfg = Release|Win32
		{460CD492-C765-49DB-8D75-847282C8A82F}.Release|Win32.Build.0 = Release|Win32
		{73E1A37E-01BF-4D9B-B890-73EC076CC8C5}.Debug|Win32.ActiveCfg = Debug|Win32
		{73E1A37E-01BF-4D9B-B890-73EC076CC8C5}.Debug|Win32.Build.0 = Debug|Win32
		{73E1A37E-01BF-4D9B-B890-73EC076CC8C5}.Release|Win32.ActiveCfg = Release|Win32
		{73E1A37E-01BF-4D9B-B890-73EC076CC8C5}.Release|Win32.Build.0 = Release|Win32
		{7E34B470-6498-4378-835F-1C7C401C7352}.Debug|Win32.ActiveCfg = Debug|Win32
		{7E34B470-6498-4378-835F-1C7C401C7352}.Debug|Win32.Build.0 = Debug|Win32
		{7E34B470-6498-4378-835F-1C7C401C7352}.Release|Win32.ActiveCfg = Release|Win32
		{7E34B470-6498-4378-835F-1C7C401C7352}.Release|Win32.Build.0 = Release|Win32
		{76B2AE8D-FD00-469B-882D-0C49EB7F8EB2}.Debug|Win32.ActiveCfg = Debug|Win32
		{76B2AE8D-FD00-469B-882D-0C49EB7F8EB2}.Debug|Win32.Build.0 = Debug|Win32
		{76B2AE8D-FD00-469B-882D-0C49EB7F8EB2}.Release|Win32.ActiveCfg = Release|Win32
		{76B2AE8D-FD00-469B-882D-0C49EB7F8EB2}.Release|Win32.Build.0 = Release|Win32
		{A27359BD-06F0-4F73-B8CE-66071A95A8F6}.Debug|Win32.ActiveCfg = Debug|Win32
		{A27359BD-06F0-4F73-B8CE-66071A95A8F6}.Debug|Win32.Build.0 = Debug|Win32
		{A27359BD-06F0-4F73-B8CE-66071A95A8F6}.Release|Win32.ActiveCfg = Release|Win32
		{A27359BD-06F0-4F73-B8CE-66071A95A8F6}.Release|Win32.Build.0 = Release|Win32
	EndGlobalSection
	GlobalSection(SolutionProperties) = preSolution
		HideSolutionNode = FALSE
	EndGlobalSection
EndGlobal
